
Microsoft Visual Studio Solution File, Format Version 12.00
# Visual Studio Version 16
VisualStudioVersion = 16.0.32228.343
MinimumVisualStudioVersion = 10.0.40219.1
Project("{FAE04EC0-301F-11D3-BF4B-00C04F79EFBC}") = "WebAPI", "WebAPI\WebAPI.csproj", "{16F19A2D-A6A5-4FC5-8517-722B7B74DCDD}"
EndProject
Project("{00D1A9C2-B5F0-4AF3-8072-F6C62B433612}") = "database1", "..\database1\database1\database1.sqlproj", "{12380430-2F60-4B76-898F-DCCAD62AC51C}"
EndProject
Global
	GlobalSection(SolutionConfigurationPlatforms) = preSolution
		Debug|Any CPU = Debug|Any CPU
		Release|Any CPU = Release|Any CPU
	EndGlobalSection
	GlobalSection(ProjectConfigurationPlatforms) = postSolution
		{16F19A2D-A6A5-4FC5-8517-722B7B74DCDD}.Debug|Any CPU.ActiveCfg = Debug|Any CPU
		{16F19A2D-A6A5-4FC5-8517-722B7B74DCDD}.Debug|Any CPU.Build.0 = Debug|Any CPU
		{16F19A2D-A6A5-4FC5-8517-722B7B74DCDD}.Release|Any CPU.ActiveCfg = Release|Any CPU
		{16F19A2D-A6A5-4FC5-8517-722B7B74DCDD}.Release|Any CPU.Build.0 = Release|Any CPU
		{12380430-2F60-4B76-898F-DCCAD62AC51C}.Debug|Any CPU.ActiveCfg = Debug|Any CPU
		{12380430-2F60-4B76-898F-DCCAD62AC51C}.Debug|Any CPU.Build.0 = Debug|Any CPU
		{12380430-2F60-4B76-898F-DCCAD62AC51C}.Debug|Any CPU.Deploy.0 = Debug|Any CPU
		{12380430-2F60-4B76-898F-DCCAD62AC51C}.Release|Any CPU.ActiveCfg = Release|Any CPU
		{12380430-2F60-4B76-898F-DCCAD62AC51C}.Release|Any CPU.Build.0 = Release|Any CPU
		{12380430-2F60-4B76-898F-DCCAD62AC51C}.Release|Any CPU.Deploy.0 = Release|Any CPU
	EndGlobalSection
	GlobalSection(SolutionProperties) = preSolution
		HideSolutionNode = FALSE
	EndGlobalSection
	GlobalSection(ExtensibilityGlobals) = postSolution
		SolutionGuid = {2A0D8AEE-F62F-43A2-BD27-3A77535E92F4}
	EndGlobalSection
EndGlobal
